
Microsoft Visual Studio Solution File, Format Version 12.00
# Visual Studio Version 16
VisualStudioVersion = 16.0.34031.81
MinimumVisualStudioVersion = 10.0.40219.1
Project("{FAE04EC0-301F-11D3-BF4B-00C04F79EFBC}") = "Organizacao_Codigo", "Organizacao_Codigo.csproj", "{021FF81E-9208-4ED1-A675-610686D67243}"
EndProject
Global
	GlobalSection(SolutionConfigurationPlatforms) = preSolution
		Debug|Any CPU = Debug|Any CPU
		Release|Any CPU = Release|Any CPU
	EndGlobalSection
	GlobalSection(ProjectConfigurationPlatforms) = postSolution
		{021FF81E-9208-4ED1-A675-610686D67243}.Debug|Any CPU.ActiveCfg = Debug|Any CPU
		{021FF81E-9208-4ED1-A675-610686D67243}.Debug|Any CPU.Build.0 = Debug|Any CPU
		{021FF81E-9208-4ED1-A675-610686D67243}.Release|Any CPU.ActiveCfg = Release|Any CPU
		{021FF81E-9208-4ED1-A675-610686D67243}.Release|Any CPU.Build.0 = Release|Any CPU
	EndGlobalSection
	GlobalSection(SolutionProperties) = preSolution
		HideSolutionNode = FALSE
	EndGlobalSection
	GlobalSection(ExtensibilityGlobals) = postSolution
		SolutionGuid = {F0BC0CD3-FA90-4B50-917D-E815939448FE}
	EndGlobalSection
EndGlobal
